// !$*UTF8*$!
{
	archiveVersion = 1;
	classes = {
	};
	objectVersion = 56;
	objects = {

/* Begin PBXBuildFile section */
		F9465F242C95687A0053011F /* App886App.swift in Sources */ = {isa = PBXBuildFile; fileRef = F9465F232C95687A0053011F /* App886App.swift */; };
		F9465F262C95687A0053011F /* ContentView.swift in Sources */ = {isa = PBXBuildFile; fileRef = F9465F252C95687A0053011F /* ContentView.swift */; };
		F9465F282C95687C0053011F /* Assets.xcassets in Resources */ = {isa = PBXBuildFile; fileRef = F9465F272C95687C0053011F /* Assets.xcassets */; };
		F9465F2B2C95687C0053011F /* Preview Assets.xcassets in Resources */ = {isa = PBXBuildFile; fileRef = F9465F2A2C95687C0053011F /* Preview Assets.xcassets */; };
		F9465F322C9568CA0053011F /* Launch Screen.storyboard in Resources */ = {isa = PBXBuildFile; fileRef = F9465F312C9568CA0053011F /* Launch Screen.storyboard */; };
		F9465F352C9569360053011F /* LoadingView.swift in Sources */ = {isa = PBXBuildFile; fileRef = F9465F342C9569360053011F /* LoadingView.swift */; };
		F9465F3B2C9569460053011F /* Users_1.swift in Sources */ = {isa = PBXBuildFile; fileRef = F9465F3A2C9569460053011F /* Users_1.swift */; };
		F9465F3D2C95694A0053011F /* Users_2.swift in Sources */ = {isa = PBXBuildFile; fileRef = F9465F3C2C95694A0053011F /* Users_2.swift */; };
		F9465F3F2C95694D0053011F /* Users_3.swift in Sources */ = {isa = PBXBuildFile; fileRef = F9465F3E2C95694D0053011F /* Users_3.swift */; };
		F9465F412C9569510053011F /* Reviewers_1.swift in Sources */ = {isa = PBXBuildFile; fileRef = F9465F402C9569510053011F /* Reviewers_1.swift */; };
		F9465F432C9569540053011F /* Reviewers_2.swift in Sources */ = {isa = PBXBuildFile; fileRef = F9465F422C9569540053011F /* Reviewers_2.swift */; };
		F9465F452C9569BC0053011F /* sdfoi.swift in Sources */ = {isa = PBXBuildFile; fileRef = F9465F442C9569BB0053011F /* sdfoi.swift */; };
		F9465F472C9569BF0053011F /* dpogjdf.swift in Sources */ = {isa = PBXBuildFile; fileRef = F9465F462C9569BF0053011F /* dpogjdf.swift */; };
		F9465F492C9569C30053011F /* woigjfd.swift in Sources */ = {isa = PBXBuildFile; fileRef = F9465F482C9569C30053011F /* woigjfd.swift */; };
/* End PBXBuildFile section */

/* Begin PBXFileReference section */
		F9465F202C95687A0053011F /* App886.app */ = {isa = PBXFileReference; explicitFileType = wrapper.application; includeInIndex = 0; path = App886.app; sourceTree = BUILT_PRODUCTS_DIR; };
		F9465F232C95687A0053011F /* App886App.swift */ = {isa = PBXFileReference; lastKnownFileType = sourcecode.swift; path = App886App.swift; sourceTree = "<group>"; };
		F9465F252C95687A0053011F /* ContentView.swift */ = {isa = PBXFileReference; lastKnownFileType = sourcecode.swift; path = ContentView.swift; sourceTree = "<group>"; };
		F9465F272C95687C0053011F /* Assets.xcassets */ = {isa = PBXFileReference; lastKnownFileType = folder.assetcatalog; path = Assets.xcassets; sourceTree = "<group>"; };
		F9465F2A2C95687C0053011F /* Preview Assets.xcassets */ = {isa = PBXFileReference; lastKnownFileType = folder.assetcatalog; path = "Preview Assets.xcassets"; sourceTree = "<group>"; };
		F9465F312C9568CA0053011F /* Launch Screen.storyboard */ = {isa = PBXFileReference; lastKnownFileType = file.storyboard; path = "Launch Screen.storyboard"; sourceTree = "<group>"; };
		F9465F342C9569360053011F /* LoadingView.swift */ = {isa = PBXFileReference; lastKnownFileType = sourcecode.swift; path = LoadingView.swift; sourceTree = "<group>"; };
		F9465F3A2C9569460053011F /* Users_1.swift */ = {isa = PBXFileReference; lastKnownFileType = sourcecode.swift; path = Users_1.swift; sourceTree = "<group>"; };
		F9465F3C2C95694A0053011F /* Users_2.swift */ = {isa = PBXFileReference; lastKnownFileType = sourcecode.swift; path = Users_2.swift; sourceTree = "<group>"; };
		F9465F3E2C95694D0053011F /* Users_3.swift */ = {isa = PBXFileReference; lastKnownFileType = sourcecode.swift; path = Users_3.swift; sourceTree = "<group>"; };
		F9465F402C9569510053011F /* Reviewers_1.swift */ = {isa = PBXFileReference; lastKnownFileType = sourcecode.swift; path = Reviewers_1.swift; sourceTree = "<group>"; };
		F9465F422C9569540053011F /* Reviewers_2.swift */ = {isa = PBXFileReference; lastKnownFileType = sourcecode.swift; path = Reviewers_2.swift; sourceTree = "<group>"; };
		F9465F442C9569BB0053011F /* sdfoi.swift */ = {isa = PBXFileReference; lastKnownFileType = sourcecode.swift; path = sdfoi.swift; sourceTree = "<group>"; };
		F9465F462C9569BF0053011F /* dpogjdf.swift */ = {isa = PBXFileReference; lastKnownFileType = sourcecode.swift; path = dpogjdf.swift; sourceTree = "<group>"; };
		F9465F482C9569C30053011F /* woigjfd.swift */ = {isa = PBXFileReference; lastKnownFileType = sourcecode.swift; path = woigjfd.swift; sourceTree = "<group>"; };
/* End PBXFileReference section */

/* Begin PBXFrameworksBuildPhase section */
		F9465F1D2C95687A0053011F /* Frameworks */ = {
			isa = PBXFrameworksBuildPhase;
			buildActionMask = 2147483647;
			files = (
			);
			runOnlyForDeploymentPostprocessing = 0;
		};
/* End PBXFrameworksBuildPhase section */

/* Begin PBXGroup section */
		F9465F172C95687A0053011F = {
			isa = PBXGroup;
			children = (
				F9465F222C95687A0053011F /* App886 */,
				F9465F212C95687A0053011F /* Products */,
			);
			sourceTree = "<group>";
		};
		F9465F212C95687A0053011F /* Products */ = {
			isa = PBXGroup;
			children = (
				F9465F202C95687A0053011F /* App886.app */,
			);
			name = Products;
			sourceTree = "<group>";
		};
		F9465F222C95687A0053011F /* App886 */ = {
			isa = PBXGroup;
			children = (
				F9465F232C95687A0053011F /* App886App.swift */,
				F9465F252C95687A0053011F /* ContentView.swift */,
				F9465F332C9568E70053011F /* Project */,
				F9465F312C9568CA0053011F /* Launch Screen.storyboard */,
				F9465F272C95687C0053011F /* Assets.xcassets */,
				F9465F292C95687C0053011F /* Preview Content */,
			);
			path = App886;
			sourceTree = "<group>";
		};
		F9465F292C95687C0053011F /* Preview Content */ = {
			isa = PBXGroup;
			children = (
				F9465F2A2C95687C0053011F /* Preview Assets.xcassets */,
			);
			path = "Preview Content";
			sourceTree = "<group>";
		};
		F9465F332C9568E70053011F /* Project */ = {
			isa = PBXGroup;
			children = (
				F9465F362C9569380053011F /* Extensions */,
				F9465F342C9569360053011F /* LoadingView.swift */,
				F9465F372C95693C0053011F /* Splash */,
			);
			path = Project;
			sourceTree = "<group>";
		};
		F9465F362C9569380053011F /* Extensions */ = {
			isa = PBXGroup;
			children = (
				F9465F442C9569BB0053011F /* sdfoi.swift */,
				F9465F462C9569BF0053011F /* dpogjdf.swift */,
				F9465F482C9569C30053011F /* woigjfd.swift */,
			);
			name = Extensions;
			sourceTree = "<group>";
		};
		F9465F372C95693C0053011F /* Splash */ = {
			isa = PBXGroup;
			children = (
				F9465F392C9569420053011F /* Users */,
				F9465F382C95693F0053011F /* Reviewers */,
			);
			name = Splash;
			sourceTree = "<group>";
		};
		F9465F382C95693F0053011F /* Reviewers */ = {
			isa = PBXGroup;
			children = (
				F9465F402C9569510053011F /* Reviewers_1.swift */,
				F9465F422C9569540053011F /* Reviewers_2.swift */,
			);
			name = Reviewers;
			sourceTree = "<group>";
		};
		F9465F392C9569420053011F /* Users */ = {
			isa = PBXGroup;
			children = (
				F9465F3A2C9569460053011F /* Users_1.swift */,
				F9465F3C2C95694A0053011F /* Users_2.swift */,
				F9465F3E2C95694D0053011F /* Users_3.swift */,
			);
			name = Users;
			sourceTree = "<group>";
		};
/* End PBXGroup section */

/* Begin PBXNativeTarget section */
		F9465F1F2C95687A0053011F /* App886 */ = {
			isa = PBXNativeTarget;
			buildConfigurationList = F9465F2E2C95687C0053011F /* Build configuration list for PBXNativeTarget "App886" */;
			buildPhases = (
				F9465F1C2C95687A0053011F /* Sources */,
				F9465F1D2C95687A0053011F /* Frameworks */,
				F9465F1E2C95687A0053011F /* Resources */,
			);
			buildRules = (
			);
			dependencies = (
			);
			name = App886;
			productName = App886;
			productReference = F9465F202C95687A0053011F /* App886.app */;
			productType = "com.apple.product-type.application";
		};
/* End PBXNativeTarget section */

/* Begin PBXProject section */
		F9465F182C95687A0053011F /* Project object */ = {
			isa = PBXProject;
			attributes = {
				BuildIndependentTargetsInParallel = 1;
				LastSwiftUpdateCheck = 1540;
				LastUpgradeCheck = 1540;
				TargetAttributes = {
					F9465F1F2C95687A0053011F = {
						CreatedOnToolsVersion = 15.4;
					};
				};
			};
			buildConfigurationList = F9465F1B2C95687A0053011F /* Build configuration list for PBXProject "App886" */;
			compatibilityVersion = "Xcode 14.0";
			developmentRegion = en;
			hasScannedForEncodings = 0;
			knownRegions = (
				en,
				Base,
			);
			mainGroup = F9465F172C95687A0053011F;
			productRefGroup = F9465F212C95687A0053011F /* Products */;
			projectDirPath = "";
			projectRoot = "";
			targets = (
				F9465F1F2C95687A0053011F /* App886 */,
			);
		};
/* End PBXProject section */

/* Begin PBXResourcesBuildPhase section */
		F9465F1E2C95687A0053011F /* Resources */ = {
			isa = PBXResourcesBuildPhase;
			buildActionMask = 2147483647;
			files = (
				F9465F322C9568CA0053011F /* Launch Screen.storyboard in Resources */,
				F9465F2B2C95687C0053011F /* Preview Assets.xcassets in Resources */,
				F9465F282C95687C0053011F /* Assets.xcassets in Resources */,
			);
			runOnlyForDeploymentPostprocessing = 0;
		};
/* End PBXResourcesBuildPhase section */

/* Begin PBXSourcesBuildPhase section */
		F9465F1C2C95687A0053011F /* Sources */ = {
			isa = PBXSourcesBuildPhase;
			buildActionMask = 2147483647;
			files = (
				F9465F3F2C95694D0053011F /* Users_3.swift in Sources */,
				F9465F432C9569540053011F /* Reviewers_2.swift in Sources */,
				F9465F3D2C95694A0053011F /* Users_2.swift in Sources */,
				F9465F262C95687A0053011F /* ContentView.swift in Sources */,
				F9465F412C9569510053011F /* Reviewers_1.swift in Sources */,
				F9465F242C95687A0053011F /* App886App.swift in Sources */,
				F9465F3B2C9569460053011F /* Users_1.swift in Sources */,
				F9465F352C9569360053011F /* LoadingView.swift in Sources */,
				F9465F472C9569BF0053011F /* dpogjdf.swift in Sources */,
				F9465F492C9569C30053011F /* woigjfd.swift in Sources */,
				F9465F452C9569BC0053011F /* sdfoi.swift in Sources */,
			);
			runOnlyForDeploymentPostprocessing = 0;
		};
/* End PBXSourcesBuildPhase section */

/* Begin XCBuildConfiguration section */
		F9465F2C2C95687C0053011F /* Debug */ = {
			isa = XCBuildConfiguration;
			buildSettings = {
				ALWAYS_SEARCH_USER_PATHS = NO;
				ASSETCATALOG_COMPILER_GENERATE_SWIFT_ASSET_SYMBOL_EXTENSIONS = YES;
				CLANG_ANALYZER_NONNULL = YES;
				CLANG_ANALYZER_NUMBER_OBJECT_CONVERSION = YES_AGGRESSIVE;
				CLANG_CXX_LANGUAGE_STANDARD = "gnu++20";
				CLANG_ENABLE_MODULES = YES;
				CLANG_ENABLE_OBJC_ARC = YES;
				CLANG_ENABLE_OBJC_WEAK = YES;
				CLANG_WARN_BLOCK_CAPTURE_AUTORELEASING = YES;
				CLANG_WARN_BOOL_CONVERSION = YES;
				CLANG_WARN_COMMA = YES;
				CLANG_WARN_CONSTANT_CONVERSION = YES;
				CLANG_WARN_DEPRECATED_OBJC_IMPLEMENTATIONS = YES;
				CLANG_WARN_DIRECT_OBJC_ISA_USAGE = YES_ERROR;
				CLANG_WARN_DOCUMENTATION_COMMENTS = YES;
				CLANG_WARN_EMPTY_BODY = YES;
				CLANG_WARN_ENUM_CONVERSION = YES;
				CLANG_WARN_INFINITE_RECURSION = YES;
				CLANG_WARN_INT_CONVERSION = YES;
				CLANG_WARN_NON_LITERAL_NULL_CONVERSION = YES;
				CLANG_WARN_OBJC_IMPLICIT_RETAIN_SELF = YES;
				CLANG_WARN_OBJC_LITERAL_CONVERSION = YES;
				CLANG_WARN_OBJC_ROOT_CLASS = YES_ERROR;
				CLANG_WARN_QUOTED_INCLUDE_IN_FRAMEWORK_HEADER = YES;
				CLANG_WARN_RANGE_LOOP_ANALYSIS = YES;
				CLANG_WARN_STRICT_PROTOTYPES = YES;
				CLANG_WARN_SUSPICIOUS_MOVE = YES;
				CLANG_WARN_UNGUARDED_AVAILABILITY = YES_AGGRESSIVE;
				CLANG_WARN_UNREACHABLE_CODE = YES;
				CLANG_WARN__DUPLICATE_METHOD_MATCH = YES;
				COPY_PHASE_STRIP = NO;
				DEBUG_INFORMATION_FORMAT = dwarf;
				ENABLE_STRICT_OBJC_MSGSEND = YES;
				ENABLE_TESTABILITY = YES;
				ENABLE_USER_SCRIPT_SANDBOXING = YES;
				GCC_C_LANGUAGE_STANDARD = gnu17;
				GCC_DYNAMIC_NO_PIC = NO;
				GCC_NO_COMMON_BLOCKS = YES;
				GCC_OPTIMIZATION_LEVEL = 0;
				GCC_PREPROCESSOR_DEFINITIONS = (
					"DEBUG=1",
					"$(inherited)",
				);
				GCC_WARN_64_TO_32_BIT_CONVERSION = YES;
				GCC_WARN_ABOUT_RETURN_TYPE = YES_ERROR;
				GCC_WARN_UNDECLARED_SELECTOR = YES;
				GCC_WARN_UNINITIALIZED_AUTOS = YES_AGGRESSIVE;
				GCC_WARN_UNUSED_FUNCTION = YES;
				GCC_WARN_UNUSED_VARIABLE = YES;
				IPHONEOS_DEPLOYMENT_TARGET = 14.0;
				LOCALIZATION_PREFERS_STRING_CATALOGS = YES;
				MTL_ENABLE_DEBUG_INFO = INCLUDE_SOURCE;
				MTL_FAST_MATH = YES;
				ONLY_ACTIVE_ARCH = YES;
				SDKROOT = iphoneos;
				SWIFT_ACTIVE_COMPILATION_CONDITIONS = "DEBUG $(inherited)";
				SWIFT_OPTIMIZATION_LEVEL = "-Onone";
			};
			name = Debug;
		};
		F9465F2D2C95687C0053011F /* Release */ = {
			isa = XCBuildConfiguration;
			buildSettings = {
				ALWAYS_SEARCH_USER_PATHS = NO;
				ASSETCATALOG_COMPILER_GENERATE_SWIFT_ASSET_SYMBOL_EXTENSIONS = YES;
				CLANG_ANALYZER_NONNULL = YES;
				CLANG_ANALYZER_NUMBER_OBJECT_CONVERSION = YES_AGGRESSIVE;
				CLANG_CXX_LANGUAGE_STANDARD = "gnu++20";
				CLANG_ENABLE_MODULES = YES;
				CLANG_ENABLE_OBJC_ARC = YES;
				CLANG_ENABLE_OBJC_WEAK = YES;
				CLANG_WARN_BLOCK_CAPTURE_AUTORELEASING = YES;
				CLANG_WARN_BOOL_CONVERSION = YES;
				CLANG_WARN_COMMA = YES;
				CLANG_WARN_CONSTANT_CONVERSION = YES;
				CLANG_WARN_DEPRECATED_OBJC_IMPLEMENTATIONS = YES;
				CLANG_WARN_DIRECT_OBJC_ISA_USAGE = YES_ERROR;
				CLANG_WARN_DOCUMENTATION_COMMENTS = YES;
				CLANG_WARN_EMPTY_BODY = YES;
				CLANG_WARN_ENUM_CONVERSION = YES;
				CLANG_WARN_INFINITE_RECURSION = YES;
				CLANG_WARN_INT_CONVERSION = YES;
				CLANG_WARN_NON_LITERAL_NULL_CONVERSION = YES;
				CLANG_WARN_OBJC_IMPLICIT_RETAIN_SELF = YES;
				CLANG_WARN_OBJC_LITERAL_CONVERSION = YES;
				CLANG_WARN_OBJC_ROOT_CLASS = YES_ERROR;
				CLANG_WARN_QUOTED_INCLUDE_IN_FRAMEWORK_HEADER = YES;
				CLANG_WARN_RANGE_LOOP_ANALYSIS = YES;
				CLANG_WARN_STRICT_PROTOTYPES = YES;
				CLANG_WARN_SUSPICIOUS_MOVE = YES;
				CLANG_WARN_UNGUARDED_AVAILABILITY = YES_AGGRESSIVE;
				CLANG_WARN_UNREACHABLE_CODE = YES;
				CLANG_WARN__DUPLICATE_METHOD_MATCH = YES;
				COPY_PHASE_STRIP = NO;
				DEBUG_INFORMATION_FORMAT = "dwarf-with-dsym";
				ENABLE_NS_ASSERTIONS = NO;
				ENABLE_STRICT_OBJC_MSGSEND = YES;
				ENABLE_USER_SCRIPT_SANDBOXING = YES;
				GCC_C_LANGUAGE_STANDARD = gnu17;
				GCC_NO_COMMON_BLOCKS = YES;
				GCC_WARN_64_TO_32_BIT_CONVERSION = YES;
				GCC_WARN_ABOUT_RETURN_TYPE = YES_ERROR;
				GCC_WARN_UNDECLARED_SELECTOR = YES;
				GCC_WARN_UNINITIALIZED_AUTOS = YES_AGGRESSIVE;
				GCC_WARN_UNUSED_FUNCTION = YES;
				GCC_WARN_UNUSED_VARIABLE = YES;
				IPHONEOS_DEPLOYMENT_TARGET = 14.0;
				LOCALIZATION_PREFERS_STRING_CATALOGS = YES;
				MTL_ENABLE_DEBUG_INFO = NO;
				MTL_FAST_MATH = YES;
				SDKROOT = iphoneos;
				SWIFT_COMPILATION_MODE = wholemodule;
				VALIDATE_PRODUCT = YES;
			};
			name = Release;
		};
		F9465F2F2C95687C0053011F /* Debug */ = {
			isa = XCBuildConfiguration;
			buildSettings = {
				ASSETCATALOG_COMPILER_APPICON_NAME = AppIcon;
				ASSETCATALOG_COMPILER_GLOBAL_ACCENT_COLOR_NAME = AccentColor;
				CODE_SIGN_STYLE = Automatic;
				CURRENT_PROJECT_VERSION = 1;
				DEVELOPMENT_ASSET_PATHS = "\"App886/Preview Content\"";
				ENABLE_PREVIEWS = YES;
				GENERATE_INFOPLIST_FILE = YES;
				INFOPLIST_KEY_CFBundleDisplayName = "Construction Baze";
				INFOPLIST_KEY_UIApplicationSceneManifest_Generation = YES;
				INFOPLIST_KEY_UIApplicationSupportsIndirectInputEvents = YES;
				INFOPLIST_KEY_UILaunchScreen_Generation = YES;
				INFOPLIST_KEY_UILaunchStoryboardName = "Launch Screen.storyboard";
				INFOPLIST_KEY_UISupportedInterfaceOrientations = UIInterfaceOrientationPortrait;
				INFOPLIST_KEY_UISupportedInterfaceOrientations_iPad = "UIInterfaceOrientationLandscapeLeft UIInterfaceOrientationLandscapeRight UIInterfaceOrientationPortrait UIInterfaceOrientationPortraitUpsideDown";
				LD_RUNPATH_SEARCH_PATHS = (
					"$(inherited)",
					"@executable_path/Frameworks",
				);
				MARKETING_VERSION = 1.0;
				PRODUCT_BUNDLE_IDENTIFIER = app.App886;
				PRODUCT_NAME = "$(TARGET_NAME)";
				SUPPORTED_PLATFORMS = "iphoneos iphonesimulator";
				SUPPORTS_MACCATALYST = NO;
				SUPPORTS_MAC_DESIGNED_FOR_IPHONE_IPAD = NO;
				SUPPORTS_XR_DESIGNED_FOR_IPHONE_IPAD = NO;
				SWIFT_EMIT_LOC_STRINGS = YES;
				SWIFT_VERSION = 5.0;
				TARGETED_DEVICE_FAMILY = 1;
			};
			name = Debug;
		};
		F9465F302C95687C0053011F /* Release */ = {
			isa = XCBuildConfiguration;
			buildSettings = {
				ASSETCATALOG_COMPILER_APPICON_NAME = AppIcon;
				ASSETCATALOG_COMPILER_GLOBAL_ACCENT_COLOR_NAME = AccentColor;
				CODE_SIGN_STYLE = Automatic;
				CURRENT_PROJECT_VERSION = 1;
				DEVELOPMENT_ASSET_PATHS = "\"App886/Preview Content\"";
				ENABLE_PREVIEWS = YES;
				GENERATE_INFOPLIST_FILE = YES;
				INFOPLIST_KEY_CFBundleDisplayName = "Construction Baze";
				INFOPLIST_KEY_UIApplicationSceneManifest_Generation = YES;
				INFOPLIST_KEY_UIApplicationSupportsIndirectInputEvents = YES;
				INFOPLIST_KEY_UILaunchScreen_Generation = YES;
				INFOPLIST_KEY_UILaunchStoryboardName = "Launch Screen.storyboard";
				INFOPLIST_KEY_UISupportedInterfaceOrientations = UIInterfaceOrientationPortrait;
				INFOPLIST_KEY_UISupportedInterfaceOrientations_iPad = "UIInterfaceOrientationLandscapeLeft UIInterfaceOrientationLandscapeRight UIInterfaceOrientationPortrait UIInterfaceOrientationPortraitUpsideDown";
				LD_RUNPATH_SEARCH_PATHS = (
					"$(inherited)",
					"@executable_path/Frameworks",
				);
				MARKETING_VERSION = 1.0;
				PRODUCT_BUNDLE_IDENTIFIER = app.App886;
				PRODUCT_NAME = "$(TARGET_NAME)";
				SUPPORTED_PLATFORMS = "iphoneos iphonesimulator";
				SUPPORTS_MACCATALYST = NO;
				SUPPORTS_MAC_DESIGNED_FOR_IPHONE_IPAD = NO;
				SUPPORTS_XR_DESIGNED_FOR_IPHONE_IPAD = NO;
				SWIFT_EMIT_LOC_STRINGS = YES;
				SWIFT_VERSION = 5.0;
				TARGETED_DEVICE_FAMILY = 1;
			};
			name = Release;
		};
/* End XCBuildConfiguration section */

/* Begin XCConfigurationList section */
		F9465F1B2C95687A0053011F /* Build configuration list for PBXProject "App886" */ = {
			isa = XCConfigurationList;
			buildConfigurations = (
				F9465F2C2C95687C0053011F /* Debug */,
				F9465F2D2C95687C0053011F /* Release */,
			);
			defaultConfigurationIsVisible = 0;
			defaultConfigurationName = Release;
		};
		F9465F2E2C95687C0053011F /* Build configuration list for PBXNativeTarget "App886" */ = {
			isa = XCConfigurationList;
			buildConfigurations = (
				F9465F2F2C95687C0053011F /* Debug */,
				F9465F302C95687C0053011F /* Release */,
			);
			defaultConfigurationIsVisible = 0;
			defaultConfigurationName = Release;
		};
/* End XCConfigurationList section */
	};
	rootObject = F9465F182C95687A0053011F /* Project object */;
}
